
Microsoft Visual Studio Solution File, Format Version 12.00
# Visual Studio 2015
Project("{FAE04EC0-301F-11D3-BF4B-00C04F79EFBC}") = "courteous_test_1", "courteous_test_1.csproj", "{FC7BA643-1B7B-B15D-584E-D807D67C50DA}"
EndProject
Global
	GlobalSection(SolutionConfigurationPlatforms) = preSolution
		Debug|Any CPU = Debug|Any CPU
		Release|Any CPU = Release|Any CPU
	EndGlobalSection
	GlobalSection(ProjectConfigurationPlatforms) = postSolution
		{FC7BA643-1B7B-B15D-584E-D807D67C50DA}.Debug|Any CPU.ActiveCfg = Debug|Any CPU
		{FC7BA643-1B7B-B15D-584E-D807D67C50DA}.Debug|Any CPU.Build.0 = Debug|Any CPU
		{FC7BA643-1B7B-B15D-584E-D807D67C50DA}.Release|Any CPU.ActiveCfg = Release|Any CPU
		{FC7BA643-1B7B-B15D-584E-D807D67C50DA}.Release|Any CPU.Build.0 = Release|Any CPU
	EndGlobalSection
	GlobalSection(SolutionProperties) = preSolution
		HideSolutionNode = FALSE
	EndGlobalSection
EndGlobal
